
Microsoft Visual Studio Solution File, Format Version 12.00
# Visual Studio Version 17
VisualStudioVersion = 17.4.33110.190
MinimumVisualStudioVersion = 10.0.40219.1
Project("{FAE04EC0-301F-11D3-BF4B-00C04F79EFBC}") = "PQueue", "PQueue\PQueue.csproj", "{258CF7CE-9877-4E54-802D-EFD967E398D9}"
EndProject
Project("{FAE04EC0-301F-11D3-BF4B-00C04F79EFBC}") = "Test", "Test\Test.csproj", "{110923D4-A2B0-4AD9-BE75-BF962D990A47}"
EndProject
Global
	GlobalSection(SolutionConfigurationPlatforms) = preSolution
		Debug|Any CPU = Debug|Any CPU
		Release|Any CPU = Release|Any CPU
	EndGlobalSection
	GlobalSection(ProjectConfigurationPlatforms) = postSolution
		{258CF7CE-9877-4E54-802D-EFD967E398D9}.Debug|Any CPU.ActiveCfg = Debug|Any CPU
		{258CF7CE-9877-4E54-802D-EFD967E398D9}.Debug|Any CPU.Build.0 = Debug|Any CPU
		{258CF7CE-9877-4E54-802D-EFD967E398D9}.Release|Any CPU.ActiveCfg = Release|Any CPU
		{258CF7CE-9877-4E54-802D-EFD967E398D9}.Release|Any CPU.Build.0 = Release|Any CPU
		{110923D4-A2B0-4AD9-BE75-BF962D990A47}.Debug|Any CPU.ActiveCfg = Debug|Any CPU
		{110923D4-A2B0-4AD9-BE75-BF962D990A47}.Debug|Any CPU.Build.0 = Debug|Any CPU
		{110923D4-A2B0-4AD9-BE75-BF962D990A47}.Release|Any CPU.ActiveCfg = Release|Any CPU
		{110923D4-A2B0-4AD9-BE75-BF962D990A47}.Release|Any CPU.Build.0 = Release|Any CPU
	EndGlobalSection
	GlobalSection(SolutionProperties) = preSolution
		HideSolutionNode = FALSE
	EndGlobalSection
	GlobalSection(ExtensibilityGlobals) = postSolution
		SolutionGuid = {26916611-CD91-4501-AA9D-0FF941C1D4D7}
	EndGlobalSection
EndGlobal
